{
  "name": "shell-v4.4",
  "lockfileVersion": 2,
  "requires": true,
  "packages": {
    "": {
      "dependencies": {
        "angular": "^1.8.3",
        "angular-ui-router": "^1.0.30",
        "bootstrap": "^5.2.3",
        "popper.js": "^1.16.1",
        "toastr": "^2.1.4",
        "work": "^0.10.0"
      }
    },
    "node_modules/@popperjs/core": {
      "version": "2.11.6",
      "resolved": "https://registry.npmjs.org/@popperjs/core/-/core-2.11.6.tgz",
      "integrity": "sha512-50/17A98tWUfQ176raKiOGXuYpLyyVMkxxG6oylzL3BPOlA6ADGdK7EYunSa4I064xerltq9TGXs8HmOk5E+vw==",
      "peer": true,
      "funding": {
        "type": "opencollective",
        "url": "https://opencollective.com/popperjs"
      }
    },
    "node_modules/@uirouter/core": {
      "version": "6.0.8",
      "resolved": "https://registry.npmjs.org/@uirouter/core/-/core-6.0.8.tgz",
      "integrity": "sha512-Gc/BAW47i4L54p8dqYCJJZuv2s3tqlXQ0fvl6Zp2xrblELPVfxmjnc0eurx3XwfQdaqm3T6uls6tQKkof/4QMw==",
      "engines": {
        "node": ">=4.0.0"
      }
    },
    "node_modules/angular": {
      "version": "1.8.3",
      "resolved": "https://registry.npmjs.org/angular/-/angular-1.8.3.tgz",
      "integrity": "sha512-5qjkWIQQVsHj4Sb5TcEs4WZWpFeVFHXwxEBHUhrny41D8UrBAd6T/6nPPAsLngJCReIOqi95W3mxdveveutpZw==",
      "deprecated": "For the actively supported Angular, see https://www.npmjs.com/package/@angular/core. AngularJS support has officially ended. For extended AngularJS support options, see https://goo.gle/angularjs-path-forward."
    },
    "node_modules/angular-ui-router": {
      "version": "1.0.30",
      "resolved": "https://registry.npmjs.org/angular-ui-router/-/angular-ui-router-1.0.30.tgz",
      "integrity": "sha512-8xMpxbOtCJbRnGR1fhbyZ5BhFXr3zs1L2ytXQiBACTJjot309QNFFCaWx0lDM2eVXp8qte4idigU9gwWdspmtQ==",
      "dependencies": {
        "@uirouter/core": "6.0.8"
      },
      "engines": {
        "node": ">=4.0.0"
      },
      "peerDependencies": {
        "angular": ">=1.2.0"
      }
    },
    "node_modules/array-back": {
      "version": "6.2.2",
      "resolved": "https://registry.npmjs.org/array-back/-/array-back-6.2.2.tgz",
      "integrity": "sha512-gUAZ7HPyb4SJczXAMUXMGAvI976JoK3qEx9v1FTmeYuJj0IBiaKttG1ydtGKdkfqWkIkouke7nG8ufGy77+Cvw==",
      "engines": {
        "node": ">=12.17"
      }
    },
    "node_modules/bootstrap": {
      "version": "5.2.3",
      "resolved": "https://registry.npmjs.org/bootstrap/-/bootstrap-5.2.3.tgz",
      "integrity": "sha512-cEKPM+fwb3cT8NzQZYEu4HilJ3anCrWqh3CHAok1p9jXqMPsPTBhU25fBckEJHJ/p+tTxTFTsFQGM+gaHpi3QQ==",
      "funding": [
        {
          "type": "github",
          "url": "https://github.com/sponsors/twbs"
        },
        {
          "type": "opencollective",
          "url": "https://opencollective.com/bootstrap"
        }
      ],
      "peerDependencies": {
        "@popperjs/core": "^2.11.6"
      }
    },
    "node_modules/composite-class": {
      "version": "2.0.1",
      "resolved": "https://registry.npmjs.org/composite-class/-/composite-class-2.0.1.tgz",
      "integrity": "sha512-zEUaKe0wIkAMonjQPZPm4w7aylosaMjqGpHynYT2V05q02I93CWfBxp3kV2iB7anvc/aDvCJN36FzFco3c788A==",
      "engines": {
        "node": ">=10"
      }
    },
    "node_modules/create-mixin": {
      "version": "3.0.0",
      "resolved": "https://registry.npmjs.org/create-mixin/-/create-mixin-3.0.0.tgz",
      "integrity": "sha512-LkdMqnWT9LaqBN4huqpUnMz56Yr1mVSoCduAd2xXefgH/YZP2sXCMAyztXjk4q8hTF/TlcDa+zQW2aTgGdjjKQ==",
      "engines": {
        "node": ">=10"
      }
    },
    "node_modules/fsm-base": {
      "version": "0.7.0",
      "resolved": "https://registry.npmjs.org/fsm-base/-/fsm-base-0.7.0.tgz",
      "integrity": "sha512-qL/cAOixPK0DmwmZzwzSXPJ8fcetM5iuXF47g7OovQHPGE9gfZdPQklXY47gNZUIjDKan5P27GK5Jk0GC+4wDQ==",
      "dependencies": {
        "array-back": "^6.1.1",
        "obso": "^0.7.0"
      },
      "engines": {
        "node": ">=14"
      }
    },
    "node_modules/jquery": {
      "version": "3.6.3",
      "resolved": "https://registry.npmjs.org/jquery/-/jquery-3.6.3.tgz",
      "integrity": "sha512-bZ5Sy3YzKo9Fyc8wH2iIQK4JImJ6R0GWI9kL1/k7Z91ZBNgkRXE6U0JfHIizZbort8ZunhSI3jw9I6253ahKfg=="
    },
    "node_modules/lodash.get": {
      "version": "4.4.2",
      "resolved": "https://registry.npmjs.org/lodash.get/-/lodash.get-4.4.2.tgz",
      "integrity": "sha512-z+Uw/vLuy6gQe8cfaFWD7p0wVv8fJl3mbzXh33RS+0oW2wvUqiRXiQ69gLWSLpgB5/6sU+r6BlQR0MBILadqTQ=="
    },
    "node_modules/obso": {
      "version": "0.7.0",
      "resolved": "https://registry.npmjs.org/obso/-/obso-0.7.0.tgz",
      "integrity": "sha512-iNEHV1r9hFfemR0jFUIxFxqkR9rcvY10C7U/LtKM2w5wS3nSLZEqRnfGY/P8cYzCXHTzTefxMYfnIJkssDhmAg==",
      "engines": {
        "node": ">=14"
      }
    },
    "node_modules/popper.js": {
      "version": "1.16.1",
      "resolved": "https://registry.npmjs.org/popper.js/-/popper.js-1.16.1.tgz",
      "integrity": "sha512-Wb4p1J4zyFTbM+u6WuO4XstYx4Ky9Cewe4DWrel7B0w6VVICvPwdOpotjzcf6eD8TsckVnIMNONQyPIUFOUbCQ==",
      "deprecated": "You can find the new Popper v2 at @popperjs/core, this package is dedicated to the legacy v1",
      "funding": {
        "type": "opencollective",
        "url": "https://opencollective.com/popperjs"
      }
    },
    "node_modules/toastr": {
      "version": "2.1.4",
      "resolved": "https://registry.npmjs.org/toastr/-/toastr-2.1.4.tgz",
      "integrity": "sha512-LIy77F5n+sz4tefMmFOntcJ6HL0Fv3k1TDnNmFZ0bU/GcvIIfy6eG2v7zQmMiYgaalAiUv75ttFrPn5s0gyqlA==",
      "dependencies": {
        "jquery": ">=1.12.0"
      }
    },
    "node_modules/typical": {
      "version": "7.1.1",
      "resolved": "https://registry.npmjs.org/typical/-/typical-7.1.1.tgz",
      "integrity": "sha512-T+tKVNs6Wu7IWiAce5BgMd7OZfNYUndHwc5MknN+UHOudi7sGZzuHdCadllRuqJ3fPtgFtIH9+lt9qRv6lmpfA==",
      "engines": {
        "node": ">=12.17"
      }
    },
    "node_modules/work": {
      "version": "0.10.0",
      "resolved": "https://registry.npmjs.org/work/-/work-0.10.0.tgz",
      "integrity": "sha512-uYL2uu7ux7neqypl5fZBnCWQAZEWHnw7xIUZkY4kT0z9ukARmHCRbKMaNYAkIu+/IskguLQAyO4iMJtFZSednQ==",
      "dependencies": {
        "array-back": "^6.2.0",
        "composite-class": "^2.0.1",
        "create-mixin": "^3.0.0",
        "fsm-base": "^0.7.0",
        "lodash.get": "^4.4.2",
        "obso": "^0.7.0",
        "typical": "^7.1.1"
      },
      "engines": {
        "node": ">=12.17"
      }
    }
  },
  "dependencies": {
    "@popperjs/core": {
      "version": "2.11.6",
      "resolved": "https://registry.npmjs.org/@popperjs/core/-/core-2.11.6.tgz",
      "integrity": "sha512-50/17A98tWUfQ176raKiOGXuYpLyyVMkxxG6oylzL3BPOlA6ADGdK7EYunSa4I064xerltq9TGXs8HmOk5E+vw==",
      "peer": true
    },
    "@uirouter/core": {
      "version": "6.0.8",
      "resolved": "https://registry.npmjs.org/@uirouter/core/-/core-6.0.8.tgz",
      "integrity": "sha512-Gc/BAW47i4L54p8dqYCJJZuv2s3tqlXQ0fvl6Zp2xrblELPVfxmjnc0eurx3XwfQdaqm3T6uls6tQKkof/4QMw=="
    },
    "angular": {
      "version": "1.8.3",
      "resolved": "https://registry.npmjs.org/angular/-/angular-1.8.3.tgz",
      "integrity": "sha512-5qjkWIQQVsHj4Sb5TcEs4WZWpFeVFHXwxEBHUhrny41D8UrBAd6T/6nPPAsLngJCReIOqi95W3mxdveveutpZw=="
    },
    "angular-ui-router": {
      "version": "1.0.30",
      "resolved": "https://registry.npmjs.org/angular-ui-router/-/angular-ui-router-1.0.30.tgz",
      "integrity": "sha512-8xMpxbOtCJbRnGR1fhbyZ5BhFXr3zs1L2ytXQiBACTJjot309QNFFCaWx0lDM2eVXp8qte4idigU9gwWdspmtQ==",
      "requires": {
        "@uirouter/core": "6.0.8"
      }
    },
    "array-back": {
      "version": "6.2.2",
      "resolved": "https://registry.npmjs.org/array-back/-/array-back-6.2.2.tgz",
      "integrity": "sha512-gUAZ7HPyb4SJczXAMUXMGAvI976JoK3qEx9v1FTmeYuJj0IBiaKttG1ydtGKdkfqWkIkouke7nG8ufGy77+Cvw=="
    },
    "bootstrap": {
      "version": "5.2.3",
      "resolved": "https://registry.npmjs.org/bootstrap/-/bootstrap-5.2.3.tgz",
      "integrity": "sha512-cEKPM+fwb3cT8NzQZYEu4HilJ3anCrWqh3CHAok1p9jXqMPsPTBhU25fBckEJHJ/p+tTxTFTsFQGM+gaHpi3QQ==",
      "requires": {}
    },
    "composite-class": {
      "version": "2.0.1",
      "resolved": "https://registry.npmjs.org/composite-class/-/composite-class-2.0.1.tgz",
      "integrity": "sha512-zEUaKe0wIkAMonjQPZPm4w7aylosaMjqGpHynYT2V05q02I93CWfBxp3kV2iB7anvc/aDvCJN36FzFco3c788A=="
    },
    "create-mixin": {
      "version": "3.0.0",
      "resolved": "https://registry.npmjs.org/create-mixin/-/create-mixin-3.0.0.tgz",
      "integrity": "sha512-LkdMqnWT9LaqBN4huqpUnMz56Yr1mVSoCduAd2xXefgH/YZP2sXCMAyztXjk4q8hTF/TlcDa+zQW2aTgGdjjKQ=="
    },
    "fsm-base": {
      "version": "0.7.0",
      "resolved": "https://registry.npmjs.org/fsm-base/-/fsm-base-0.7.0.tgz",
      "integrity": "sha512-qL/cAOixPK0DmwmZzwzSXPJ8fcetM5iuXF47g7OovQHPGE9gfZdPQklXY47gNZUIjDKan5P27GK5Jk0GC+4wDQ==",
      "requires": {
        "array-back": "^6.1.1",
        "obso": "^0.7.0"
      }
    },
    "jquery": {
      "version": "3.6.3",
      "resolved": "https://registry.npmjs.org/jquery/-/jquery-3.6.3.tgz",
      "integrity": "sha512-bZ5Sy3YzKo9Fyc8wH2iIQK4JImJ6R0GWI9kL1/k7Z91ZBNgkRXE6U0JfHIizZbort8ZunhSI3jw9I6253ahKfg=="
    },
    "lodash.get": {
      "version": "4.4.2",
      "resolved": "https://registry.npmjs.org/lodash.get/-/lodash.get-4.4.2.tgz",
      "integrity": "sha512-z+Uw/vLuy6gQe8cfaFWD7p0wVv8fJl3mbzXh33RS+0oW2wvUqiRXiQ69gLWSLpgB5/6sU+r6BlQR0MBILadqTQ=="
    },
    "obso": {
      "version": "0.7.0",
      "resolved": "https://registry.npmjs.org/obso/-/obso-0.7.0.tgz",
      "integrity": "sha512-iNEHV1r9hFfemR0jFUIxFxqkR9rcvY10C7U/LtKM2w5wS3nSLZEqRnfGY/P8cYzCXHTzTefxMYfnIJkssDhmAg=="
    },
    "popper.js": {
      "version": "1.16.1",
      "resolved": "https://registry.npmjs.org/popper.js/-/popper.js-1.16.1.tgz",
      "integrity": "sha512-Wb4p1J4zyFTbM+u6WuO4XstYx4Ky9Cewe4DWrel7B0w6VVICvPwdOpotjzcf6eD8TsckVnIMNONQyPIUFOUbCQ=="
    },
    "toastr": {
      "version": "2.1.4",
      "resolved": "https://registry.npmjs.org/toastr/-/toastr-2.1.4.tgz",
      "integrity": "sha512-LIy77F5n+sz4tefMmFOntcJ6HL0Fv3k1TDnNmFZ0bU/GcvIIfy6eG2v7zQmMiYgaalAiUv75ttFrPn5s0gyqlA==",
      "requires": {
        "jquery": ">=1.12.0"
      }
    },
    "typical": {
      "version": "7.1.1",
      "resolved": "https://registry.npmjs.org/typical/-/typical-7.1.1.tgz",
      "integrity": "sha512-T+tKVNs6Wu7IWiAce5BgMd7OZfNYUndHwc5MknN+UHOudi7sGZzuHdCadllRuqJ3fPtgFtIH9+lt9qRv6lmpfA=="
    },
    "work": {
      "version": "0.10.0",
      "resolved": "https://registry.npmjs.org/work/-/work-0.10.0.tgz",
      "integrity": "sha512-uYL2uu7ux7neqypl5fZBnCWQAZEWHnw7xIUZkY4kT0z9ukARmHCRbKMaNYAkIu+/IskguLQAyO4iMJtFZSednQ==",
      "requires": {
        "array-back": "^6.2.0",
        "composite-class": "^2.0.1",
        "create-mixin": "^3.0.0",
        "fsm-base": "^0.7.0",
        "lodash.get": "^4.4.2",
        "obso": "^0.7.0",
        "typical": "^7.1.1"
      }
    }
  }
}
